// !$*UTF8*$!
{
	archiveVersion = 1;
	classes = {
	};
	objectVersion = 46;
	objects = {

/* Begin PBXBuildFile section */
		0903B3621C161544002241C1 /* Dip.framework in Frameworks */ = {isa = PBXBuildFile; fileRef = 0903B3581C161543002241C1 /* Dip.framework */; };
		0919F4D31C16417B00DC3B10 /* Dip.h in Headers */ = {isa = PBXBuildFile; fileRef = 0919F4C91C16417000DC3B10 /* Dip.h */; settings = {ATTRIBUTES = (Public, ); }; };
		0919F4D41C16417B00DC3B10 /* Dip.swift in Sources */ = {isa = PBXBuildFile; fileRef = 0919F4CA1C16417000DC3B10 /* Dip.swift */; };
		0919F4D51C16417B00DC3B10 /* Definition.swift in Sources */ = {isa = PBXBuildFile; fileRef = 0919F4C81C16417000DC3B10 /* Definition.swift */; };
		0919F4D61C16417B00DC3B10 /* RuntimeArguments.swift in Sources */ = {isa = PBXBuildFile; fileRef = 0919F4CC1C16417000DC3B10 /* RuntimeArguments.swift */; };
		095F829C1D043B41008CD706 /* TypeForwarding.swift in Sources */ = {isa = PBXBuildFile; fileRef = 095F829B1D043B41008CD706 /* TypeForwarding.swift */; };
		0982AF0C1C5183A000B62463 /* Utils.swift in Sources */ = {isa = PBXBuildFile; fileRef = 0982AF0B1C5183A000B62463 /* Utils.swift */; };
		09871B411DAA6BF300B40B91 /* Compatibility.swift in Sources */ = {isa = PBXBuildFile; fileRef = 09871B401DAA6BF300B40B91 /* Compatibility.swift */; };
		09873F561C1E0237000C02F6 /* AutoInjection.swift in Sources */ = {isa = PBXBuildFile; fileRef = 09873F551C1E0237000C02F6 /* AutoInjection.swift */; };
		09B036001C5D2B83001EA5B7 /* AutoWiring.swift in Sources */ = {isa = PBXBuildFile; fileRef = 09B035FF1C5D2B83001EA5B7 /* AutoWiring.swift */; };
		09BD350E1D84E30D00B33E53 /* AutoInjectionTests.swift in Sources */ = {isa = PBXBuildFile; fileRef = 09BD35041D84E30D00B33E53 /* AutoInjectionTests.swift */; };
		09BD350F1D84E30D00B33E53 /* AutoWiringTests.swift in Sources */ = {isa = PBXBuildFile; fileRef = 09BD35051D84E30D00B33E53 /* AutoWiringTests.swift */; };
		09BD35101D84E30D00B33E53 /* ComponentScopeTests.swift in Sources */ = {isa = PBXBuildFile; fileRef = 09BD35061D84E30D00B33E53 /* ComponentScopeTests.swift */; };
		09BD35111D84E30D00B33E53 /* ContextTests.swift in Sources */ = {isa = PBXBuildFile; fileRef = 09BD35071D84E30D00B33E53 /* ContextTests.swift */; };
		09BD35121D84E30D00B33E53 /* DefinitionTests.swift in Sources */ = {isa = PBXBuildFile; fileRef = 09BD35081D84E30D00B33E53 /* DefinitionTests.swift */; };
		09BD35131D84E30D00B33E53 /* DipTests.swift in Sources */ = {isa = PBXBuildFile; fileRef = 09BD35091D84E30D00B33E53 /* DipTests.swift */; };
		09BD35141D84E30D00B33E53 /* RuntimeArgumentsTests.swift in Sources */ = {isa = PBXBuildFile; fileRef = 09BD350A1D84E30D00B33E53 /* RuntimeArgumentsTests.swift */; };
		09BD35151D84E30D00B33E53 /* ThreadSafetyTests.swift in Sources */ = {isa = PBXBuildFile; fileRef = 09BD350B1D84E30D00B33E53 /* ThreadSafetyTests.swift */; };
		09BD35161D84E30D00B33E53 /* TypeForwardingTests.swift in Sources */ = {isa = PBXBuildFile; fileRef = 09BD350C1D84E30D00B33E53 /* TypeForwardingTests.swift */; };
		09BD35171D84E30D00B33E53 /* Utils.swift in Sources */ = {isa = PBXBuildFile; fileRef = 09BD350D1D84E30D00B33E53 /* Utils.swift */; };
		09FC48061DAA9AC700566AA8 /* Resolve_swift2.swift in Sources */ = {isa = PBXBuildFile; fileRef = 09FC48041DAA9AC700566AA8 /* Resolve_swift2.swift */; };
		09FC48071DAA9AC700566AA8 /* Resolve.swift in Sources */ = {isa = PBXBuildFile; fileRef = 09FC48051DAA9AC700566AA8 /* Resolve.swift */; };
		09FC480F1DAA9CAF00566AA8 /* Register.swift in Sources */ = {isa = PBXBuildFile; fileRef = 09FC480C1DAA9CAF00566AA8 /* Register.swift */; };
		09FC48101DAA9CAF00566AA8 /* Register_swift2.swift in Sources */ = {isa = PBXBuildFile; fileRef = 09FC480D1DAA9CAF00566AA8 /* Register_swift2.swift */; };
		09FC48141DAA9E0200566AA8 /* AutoInjection_swift2.swift in Sources */ = {isa = PBXBuildFile; fileRef = 09FC48121DAA9E0200566AA8 /* AutoInjection_swift2.swift */; };
		09FC48181DAAA53100566AA8 /* DipError.swift in Sources */ = {isa = PBXBuildFile; fileRef = 09FC48161DAAA53100566AA8 /* DipError.swift */; };
		09FC48191DAAA53100566AA8 /* DipError_swift2.swift in Sources */ = {isa = PBXBuildFile; fileRef = 09FC48171DAAA53100566AA8 /* DipError_swift2.swift */; };
		09FC481B1DAAA82800566AA8 /* RuntimeArguments_swift2.swift in Sources */ = {isa = PBXBuildFile; fileRef = 09FC481A1DAAA82800566AA8 /* RuntimeArguments_swift2.swift */; };
		09FC481E1DAAA8F900566AA8 /* ComponentScope.swift in Sources */ = {isa = PBXBuildFile; fileRef = 09FC481C1DAAA8F900566AA8 /* ComponentScope.swift */; };
		09FC481F1DAAA8F900566AA8 /* ComponentScope_swift2.swift in Sources */ = {isa = PBXBuildFile; fileRef = 09FC481D1DAAA8F900566AA8 /* ComponentScope_swift2.swift */; };
		09FC48211DAAAC4700566AA8 /* TypeForwarding_swift2.swift in Sources */ = {isa = PBXBuildFile; fileRef = 09FC48201DAAAC4700566AA8 /* TypeForwarding_swift2.swift */; };
/* End PBXBuildFile section */

/* Begin PBXContainerItemProxy section */
		0903B3631C161544002241C1 /* PBXContainerItemProxy */ = {
			isa = PBXContainerItemProxy;
			containerPortal = 094526881BEA1CFF0034E72A /* Project object */;
			proxyType = 1;
			remoteGlobalIDString = 0903B3571C161543002241C1;
			remoteInfo = "Dip-OSX";
		};
/* End PBXContainerItemProxy section */

/* Begin PBXFileReference section */
		0903B3581C161543002241C1 /* Dip.framework */ = {isa = PBXFileReference; explicitFileType = wrapper.framework; includeInIndex = 0; path = Dip.framework; sourceTree = BUILT_PRODUCTS_DIR; };
		0903B3611C161543002241C1 /* DipTests.xctest */ = {isa = PBXFileReference; explicitFileType = wrapper.cfbundle; includeInIndex = 0; path = DipTests.xctest; sourceTree = BUILT_PRODUCTS_DIR; };
		0919F4C81C16417000DC3B10 /* Definition.swift */ = {isa = PBXFileReference; lastKnownFileType = sourcecode.swift; name = Definition.swift; path = ../../Sources/Definition.swift; sourceTree = "<group>"; };
		0919F4C91C16417000DC3B10 /* Dip.h */ = {isa = PBXFileReference; lastKnownFileType = sourcecode.c.h; path = Dip.h; sourceTree = "<group>"; };
		0919F4CA1C16417000DC3B10 /* Dip.swift */ = {isa = PBXFileReference; lastKnownFileType = sourcecode.swift; name = Dip.swift; path = ../../Sources/Dip.swift; sourceTree = "<group>"; };
		0919F4CB1C16417000DC3B10 /* Info.plist */ = {isa = PBXFileReference; lastKnownFileType = text.plist.xml; path = Info.plist; sourceTree = "<group>"; };
		0919F4CC1C16417000DC3B10 /* RuntimeArguments.swift */ = {isa = PBXFileReference; lastKnownFileType = sourcecode.swift; name = RuntimeArguments.swift; path = ../../Sources/RuntimeArguments.swift; sourceTree = "<group>"; };
		0919F4D11C16417000DC3B10 /* Info.plist */ = {isa = PBXFileReference; lastKnownFileType = text.plist.xml; path = Info.plist; sourceTree = "<group>"; };
		095F829B1D043B41008CD706 /* TypeForwarding.swift */ = {isa = PBXFileReference; fileEncoding = 4; lastKnownFileType = sourcecode.swift; name = TypeForwarding.swift; path = ../../Sources/TypeForwarding.swift; sourceTree = "<group>"; };
		0982AF0B1C5183A000B62463 /* Utils.swift */ = {isa = PBXFileReference; fileEncoding = 4; lastKnownFileType = sourcecode.swift; name = Utils.swift; path = ../../Sources/Utils.swift; sourceTree = "<group>"; };
		09871B401DAA6BF300B40B91 /* Compatibility.swift */ = {isa = PBXFileReference; fileEncoding = 4; lastKnownFileType = sourcecode.swift; name = Compatibility.swift; path = ../../Sources/Compatibility.swift; sourceTree = "<group>"; };
		09873F551C1E0237000C02F6 /* AutoInjection.swift */ = {isa = PBXFileReference; fileEncoding = 4; lastKnownFileType = sourcecode.swift; name = AutoInjection.swift; path = ../../Sources/AutoInjection.swift; sourceTree = "<group>"; };
		09B035FF1C5D2B83001EA5B7 /* AutoWiring.swift */ = {isa = PBXFileReference; fileEncoding = 4; lastKnownFileType = sourcecode.swift; name = AutoWiring.swift; path = ../../Sources/AutoWiring.swift; sourceTree = "<group>"; };
		09BD35041D84E30D00B33E53 /* AutoInjectionTests.swift */ = {isa = PBXFileReference; fileEncoding = 4; lastKnownFileType = sourcecode.swift; name = AutoInjectionTests.swift; path = ../../Tests/DipTests/AutoInjectionTests.swift; sourceTree = "<group>"; };
		09BD35051D84E30D00B33E53 /* AutoWiringTests.swift */ = {isa = PBXFileReference; fileEncoding = 4; lastKnownFileType = sourcecode.swift; name = AutoWiringTests.swift; path = ../../Tests/DipTests/AutoWiringTests.swift; sourceTree = "<group>"; };
		09BD35061D84E30D00B33E53 /* ComponentScopeTests.swift */ = {isa = PBXFileReference; fileEncoding = 4; lastKnownFileType = sourcecode.swift; name = ComponentScopeTests.swift; path = ../../Tests/DipTests/ComponentScopeTests.swift; sourceTree = "<group>"; };
		09BD35071D84E30D00B33E53 /* ContextTests.swift */ = {isa = PBXFileReference; fileEncoding = 4; lastKnownFileType = sourcecode.swift; name = ContextTests.swift; path = ../../Tests/DipTests/ContextTests.swift; sourceTree = "<group>"; };
		09BD35081D84E30D00B33E53 /* DefinitionTests.swift */ = {isa = PBXFileReference; fileEncoding = 4; lastKnownFileType = sourcecode.swift; name = DefinitionTests.swift; path = ../../Tests/DipTests/DefinitionTests.swift; sourceTree = "<group>"; };
		09BD35091D84E30D00B33E53 /* DipTests.swift */ = {isa = PBXFileReference; fileEncoding = 4; lastKnownFileType = sourcecode.swift; name = DipTests.swift; path = ../../Tests/DipTests/DipTests.swift; sourceTree = "<group>"; };
		09BD350A1D84E30D00B33E53 /* RuntimeArgumentsTests.swift */ = {isa = PBXFileReference; fileEncoding = 4; lastKnownFileType = sourcecode.swift; name = RuntimeArgumentsTests.swift; path = ../../Tests/DipTests/RuntimeArgumentsTests.swift; sourceTree = "<group>"; };
		09BD350B1D84E30D00B33E53 /* ThreadSafetyTests.swift */ = {isa = PBXFileReference; fileEncoding = 4; lastKnownFileType = sourcecode.swift; name = ThreadSafetyTests.swift; path = ../../Tests/DipTests/ThreadSafetyTests.swift; sourceTree = "<group>"; };
		09BD350C1D84E30D00B33E53 /* TypeForwardingTests.swift */ = {isa = PBXFileReference; fileEncoding = 4; lastKnownFileType = sourcecode.swift; name = TypeForwardingTests.swift; path = ../../Tests/DipTests/TypeForwardingTests.swift; sourceTree = "<group>"; };
		09BD350D1D84E30D00B33E53 /* Utils.swift */ = {isa = PBXFileReference; fileEncoding = 4; lastKnownFileType = sourcecode.swift; name = Utils.swift; path = ../../Tests/DipTests/Utils.swift; sourceTree = "<group>"; };
		09FC48041DAA9AC700566AA8 /* Resolve_swift2.swift */ = {isa = PBXFileReference; fileEncoding = 4; lastKnownFileType = sourcecode.swift; name = Resolve_swift2.swift; path = ../../Sources/Resolve_swift2.swift; sourceTree = "<group>"; };
		09FC48051DAA9AC700566AA8 /* Resolve.swift */ = {isa = PBXFileReference; fileEncoding = 4; lastKnownFileType = sourcecode.swift; name = Resolve.swift; path = ../../Sources/Resolve.swift; sourceTree = "<group>"; };
		09FC480C1DAA9CAF00566AA8 /* Register.swift */ = {isa = PBXFileReference; fileEncoding = 4; lastKnownFileType = sourcecode.swift; name = Register.swift; path = ../../Sources/Register.swift; sourceTree = "<group>"; };
		09FC480D1DAA9CAF00566AA8 /* Register_swift2.swift */ = {isa = PBXFileReference; fileEncoding = 4; lastKnownFileType = sourcecode.swift; name = Register_swift2.swift; path = ../../Sources/Register_swift2.swift; sourceTree = "<group>"; };
		09FC48121DAA9E0200566AA8 /* AutoInjection_swift2.swift */ = {isa = PBXFileReference; fileEncoding = 4; lastKnownFileType = sourcecode.swift; name = AutoInjection_swift2.swift; path = ../../Sources/AutoInjection_swift2.swift; sourceTree = "<group>"; };
		09FC48161DAAA53100566AA8 /* DipError.swift */ = {isa = PBXFileReference; fileEncoding = 4; lastKnownFileType = sourcecode.swift; name = DipError.swift; path = ../../Sources/DipError.swift; sourceTree = "<group>"; };
		09FC48171DAAA53100566AA8 /* DipError_swift2.swift */ = {isa = PBXFileReference; fileEncoding = 4; lastKnownFileType = sourcecode.swift; name = DipError_swift2.swift; path = ../../Sources/DipError_swift2.swift; sourceTree = "<group>"; };
		09FC481A1DAAA82800566AA8 /* RuntimeArguments_swift2.swift */ = {isa = PBXFileReference; fileEncoding = 4; lastKnownFileType = sourcecode.swift; name = RuntimeArguments_swift2.swift; path = ../../Sources/RuntimeArguments_swift2.swift; sourceTree = "<group>"; };
		09FC481C1DAAA8F900566AA8 /* ComponentScope.swift */ = {isa = PBXFileReference; fileEncoding = 4; lastKnownFileType = sourcecode.swift; name = ComponentScope.swift; path = ../../Sources/ComponentScope.swift; sourceTree = "<group>"; };
		09FC481D1DAAA8F900566AA8 /* ComponentScope_swift2.swift */ = {isa = PBXFileReference; fileEncoding = 4; lastKnownFileType = sourcecode.swift; name = ComponentScope_swift2.swift; path = ../../Sources/ComponentScope_swift2.swift; sourceTree = "<group>"; };
		09FC48201DAAAC4700566AA8 /* TypeForwarding_swift2.swift */ = {isa = PBXFileReference; fileEncoding = 4; lastKnownFileType = sourcecode.swift; name = TypeForwarding_swift2.swift; path = ../../Sources/TypeForwarding_swift2.swift; sourceTree = "<group>"; };
/* End PBXFileReference section */

/* Begin PBXFrameworksBuildPhase section */
		0903B3541C161543002241C1 /* Frameworks */ = {
			isa = PBXFrameworksBuildPhase;
			buildActionMask = 2147483647;
			files = (
			);
			runOnlyForDeploymentPostprocessing = 0;
		};
		0903B35E1C161543002241C1 /* Frameworks */ = {
			isa = PBXFrameworksBuildPhase;
			buildActionMask = 2147483647;
			files = (
				0903B3621C161544002241C1 /* Dip.framework in Frameworks */,
			);
			runOnlyForDeploymentPostprocessing = 0;
		};
/* End PBXFrameworksBuildPhase section */

/* Begin PBXGroup section */
		0919F4C71C16417000DC3B10 /* Dip */ = {
			isa = PBXGroup;
			children = (
				0919F4C91C16417000DC3B10 /* Dip.h */,
				0919F4CA1C16417000DC3B10 /* Dip.swift */,
				09FC48161DAAA53100566AA8 /* DipError.swift */,
				09FC48171DAAA53100566AA8 /* DipError_swift2.swift */,
				09FC480C1DAA9CAF00566AA8 /* Register.swift */,
				09FC480D1DAA9CAF00566AA8 /* Register_swift2.swift */,
				09FC48051DAA9AC700566AA8 /* Resolve.swift */,
				09FC48041DAA9AC700566AA8 /* Resolve_swift2.swift */,
				0919F4C81C16417000DC3B10 /* Definition.swift */,
				09FC481C1DAAA8F900566AA8 /* ComponentScope.swift */,
				09FC481D1DAAA8F900566AA8 /* ComponentScope_swift2.swift */,
				0919F4CC1C16417000DC3B10 /* RuntimeArguments.swift */,
				09FC481A1DAAA82800566AA8 /* RuntimeArguments_swift2.swift */,
				09873F551C1E0237000C02F6 /* AutoInjection.swift */,
				09FC48121DAA9E0200566AA8 /* AutoInjection_swift2.swift */,
				09B035FF1C5D2B83001EA5B7 /* AutoWiring.swift */,
				095F829B1D043B41008CD706 /* TypeForwarding.swift */,
				09FC48201DAAAC4700566AA8 /* TypeForwarding_swift2.swift */,
				0982AF0B1C5183A000B62463 /* Utils.swift */,
				09871B401DAA6BF300B40B91 /* Compatibility.swift */,
				0919F4CB1C16417000DC3B10 /* Info.plist */,
			);
			path = Dip;
			sourceTree = "<group>";
		};
		0919F4CD1C16417000DC3B10 /* DipTests */ = {
			isa = PBXGroup;
			children = (
				09BD35041D84E30D00B33E53 /* AutoInjectionTests.swift */,
				09BD35051D84E30D00B33E53 /* AutoWiringTests.swift */,
				09BD35061D84E30D00B33E53 /* ComponentScopeTests.swift */,
				09BD35071D84E30D00B33E53 /* ContextTests.swift */,
				09BD35081D84E30D00B33E53 /* DefinitionTests.swift */,
				09BD35091D84E30D00B33E53 /* DipTests.swift */,
				09BD350A1D84E30D00B33E53 /* RuntimeArgumentsTests.swift */,
				09BD350B1D84E30D00B33E53 /* ThreadSafetyTests.swift */,
				09BD350C1D84E30D00B33E53 /* TypeForwardingTests.swift */,
				09BD350D1D84E30D00B33E53 /* Utils.swift */,
				0919F4D11C16417000DC3B10 /* Info.plist */,
			);
			path = DipTests;
			sourceTree = "<group>";
		};
		094526871BEA1CFF0034E72A = {
			isa = PBXGroup;
			children = (
				0919F4C71C16417000DC3B10 /* Dip */,
				0919F4CD1C16417000DC3B10 /* DipTests */,
				094526921BEA1CFF0034E72A /* Products */,
			);
			indentWidth = 2;
			sourceTree = "<group>";
			tabWidth = 2;
		};
		094526921BEA1CFF0034E72A /* Products */ = {
			isa = PBXGroup;
			children = (
				0903B3581C161543002241C1 /* Dip.framework */,
				0903B3611C161543002241C1 /* DipTests.xctest */,
			);
			name = Products;
			sourceTree = "<group>";
		};
/* End PBXGroup section */

/* Begin PBXHeadersBuildPhase section */
		0903B3551C161543002241C1 /* Headers */ = {
			isa = PBXHeadersBuildPhase;
			buildActionMask = 2147483647;
			files = (
				0919F4D31C16417B00DC3B10 /* Dip.h in Headers */,
			);
			runOnlyForDeploymentPostprocessing = 0;
		};
/* End PBXHeadersBuildPhase section */

/* Begin PBXNativeTarget section */
		0903B3571C161543002241C1 /* Dip */ = {
			isa = PBXNativeTarget;
			buildConfigurationList = 0903B36D1C161544002241C1 /* Build configuration list for PBXNativeTarget "Dip" */;
			buildPhases = (
				0903B3531C161543002241C1 /* Sources */,
				0903B3541C161543002241C1 /* Frameworks */,
				0903B3551C161543002241C1 /* Headers */,
				0903B3561C161543002241C1 /* Resources */,
			);
			buildRules = (
			);
			dependencies = (
			);
			name = Dip;
			productName = "Dip-OSX";
			productReference = 0903B3581C161543002241C1 /* Dip.framework */;
			productType = "com.apple.product-type.framework";
		};
		0903B3601C161543002241C1 /* DipTests */ = {
			isa = PBXNativeTarget;
			buildConfigurationList = 0903B36E1C161544002241C1 /* Build configuration list for PBXNativeTarget "DipTests" */;
			buildPhases = (
				0903B35D1C161543002241C1 /* Sources */,
				0903B35E1C161543002241C1 /* Frameworks */,
				0903B35F1C161543002241C1 /* Resources */,
			);
			buildRules = (
			);
			dependencies = (
				0903B3641C161544002241C1 /* PBXTargetDependency */,
			);
			name = DipTests;
			productName = "Dip-OSXTests";
			productReference = 0903B3611C161543002241C1 /* DipTests.xctest */;
			productType = "com.apple.product-type.bundle.unit-test";
		};
/* End PBXNativeTarget section */

/* Begin PBXProject section */
		094526881BEA1CFF0034E72A /* Project object */ = {
			isa = PBXProject;
			attributes = {
				LastSwiftUpdateCheck = 0730;
				LastUpgradeCheck = 0800;
				ORGANIZATIONNAME = AliSoftware;
				TargetAttributes = {
					0903B3571C161543002241C1 = {
						CreatedOnToolsVersion = 7.1.1;
						LastSwiftMigration = 0800;
					};
					0903B3601C161543002241C1 = {
						CreatedOnToolsVersion = 7.1.1;
						LastSwiftMigration = 0800;
					};
				};
			};
			buildConfigurationList = 0945268B1BEA1CFF0034E72A /* Build configuration list for PBXProject "Dip" */;
			compatibilityVersion = "Xcode 3.2";
			developmentRegion = English;
			hasScannedForEncodings = 0;
			knownRegions = (
				en,
			);
			mainGroup = 094526871BEA1CFF0034E72A;
			productRefGroup = 094526921BEA1CFF0034E72A /* Products */;
			projectDirPath = "";
			projectRoot = "";
			targets = (
				0903B3571C161543002241C1 /* Dip */,
				0903B3601C161543002241C1 /* DipTests */,
			);
		};
/* End PBXProject section */

/* Begin PBXResourcesBuildPhase section */
		0903B3561C161543002241C1 /* Resources */ = {
			isa = PBXResourcesBuildPhase;
			buildActionMask = 2147483647;
			files = (
			);
			runOnlyForDeploymentPostprocessing = 0;
		};
		0903B35F1C161543002241C1 /* Resources */ = {
			isa = PBXResourcesBuildPhase;
			buildActionMask = 2147483647;
			files = (
			);
			runOnlyForDeploymentPostprocessing = 0;
		};
/* End PBXResourcesBuildPhase section */

/* Begin PBXSourcesBuildPhase section */
		0903B3531C161543002241C1 /* Sources */ = {
			isa = PBXSourcesBuildPhase;
			buildActionMask = 2147483647;
			files = (
				09871B411DAA6BF300B40B91 /* Compatibility.swift in Sources */,
				0982AF0C1C5183A000B62463 /* Utils.swift in Sources */,
				09FC481F1DAAA8F900566AA8 /* ComponentScope_swift2.swift in Sources */,
				0919F4D51C16417B00DC3B10 /* Definition.swift in Sources */,
				09FC48061DAA9AC700566AA8 /* Resolve_swift2.swift in Sources */,
				09FC48101DAA9CAF00566AA8 /* Register_swift2.swift in Sources */,
				09FC48191DAAA53100566AA8 /* DipError_swift2.swift in Sources */,
				09FC481E1DAAA8F900566AA8 /* ComponentScope.swift in Sources */,
				09FC48211DAAAC4700566AA8 /* TypeForwarding_swift2.swift in Sources */,
				09B036001C5D2B83001EA5B7 /* AutoWiring.swift in Sources */,
				0919F4D41C16417B00DC3B10 /* Dip.swift in Sources */,
				09FC481B1DAAA82800566AA8 /* RuntimeArguments_swift2.swift in Sources */,
				09FC480F1DAA9CAF00566AA8 /* Register.swift in Sources */,
				09FC48071DAA9AC700566AA8 /* Resolve.swift in Sources */,
				095F829C1D043B41008CD706 /* TypeForwarding.swift in Sources */,
				09873F561C1E0237000C02F6 /* AutoInjection.swift in Sources */,
				09FC48181DAAA53100566AA8 /* DipError.swift in Sources */,
				0919F4D61C16417B00DC3B10 /* RuntimeArguments.swift in Sources */,
				09FC48141DAA9E0200566AA8 /* AutoInjection_swift2.swift in Sources */,
			);
			runOnlyForDeploymentPostprocessing = 0;
		};
		0903B35D1C161543002241C1 /* Sources */ = {
			isa = PBXSourcesBuildPhase;
			buildActionMask = 2147483647;
			files = (
				09BD35141D84E30D00B33E53 /* RuntimeArgumentsTests.swift in Sources */,
				09BD35151D84E30D00B33E53 /* ThreadSafetyTests.swift in Sources */,
				09BD35121D84E30D00B33E53 /* DefinitionTests.swift in Sources */,
				09BD350F1D84E30D00B33E53 /* AutoWiringTests.swift in Sources */,
				09BD35111D84E30D00B33E53 /* ContextTests.swift in Sources */,
				09BD35171D84E30D00B33E53 /* Utils.swift in Sources */,
				09BD35131D84E30D00B33E53 /* DipTests.swift in Sources */,
				09BD35101D84E30D00B33E53 /* ComponentScopeTests.swift in Sources */,
				09BD350E1D84E30D00B33E53 /* AutoInjectionTests.swift in Sources */,
				09BD35161D84E30D00B33E53 /* TypeForwardingTests.swift in Sources */,
			);
			runOnlyForDeploymentPostprocessing = 0;
		};
/* End PBXSourcesBuildPhase section */

/* Begin PBXTargetDependency section */
		0903B3641C161544002241C1 /* PBXTargetDependency */ = {
			isa = PBXTargetDependency;
			target = 0903B3571C161543002241C1 /* Dip */;
			targetProxy = 0903B3631C161544002241C1 /* PBXContainerItemProxy */;
		};
/* End PBXTargetDependency section */

/* Begin XCBuildConfiguration section */
		0903B3691C161544002241C1 /* Debug */ = {
			isa = XCBuildConfiguration;
			buildSettings = {
				APPLICATION_EXTENSION_API_ONLY = YES;
				"CODE_SIGN_IDENTITY[sdk=*]" = "";
				COMBINE_HIDPI_IMAGES = YES;
				DEFINES_MODULE = YES;
				DYLIB_COMPATIBILITY_VERSION = 1;
				DYLIB_CURRENT_VERSION = 1;
				DYLIB_INSTALL_NAME_BASE = "@rpath";
				FRAMEWORK_VERSION = A;
				GCC_PREPROCESSOR_DEFINITIONS = (
					"DEBUG=1",
					"$(inherited)",
					"iOS=1",
				);
				INSTALL_PATH = "$(LOCAL_LIBRARY_DIR)/Frameworks";
				LD_RUNPATH_SEARCH_PATHS = "$(inherited) @executable_path/Frameworks @loader_path/Frameworks";
				PRODUCT_BUNDLE_IDENTIFIER = com.alisoftware.Dip;
				PRODUCT_NAME = Dip;
				SKIP_INSTALL = YES;
			};
			name = Debug;
		};
		0903B36A1C161544002241C1 /* Release */ = {
			isa = XCBuildConfiguration;
			buildSettings = {
				APPLICATION_EXTENSION_API_ONLY = YES;
				"CODE_SIGN_IDENTITY[sdk=*]" = "";
				COMBINE_HIDPI_IMAGES = YES;
				DEFINES_MODULE = YES;
				DYLIB_COMPATIBILITY_VERSION = 1;
				DYLIB_CURRENT_VERSION = 1;
				DYLIB_INSTALL_NAME_BASE = "@rpath";
				FRAMEWORK_VERSION = A;
				INSTALL_PATH = "$(LOCAL_LIBRARY_DIR)/Frameworks";
				LD_RUNPATH_SEARCH_PATHS = "$(inherited) @executable_path/Frameworks @loader_path/Frameworks";
				PRODUCT_BUNDLE_IDENTIFIER = com.alisoftware.Dip;
				PRODUCT_NAME = Dip;
				SKIP_INSTALL = YES;
			};
			name = Release;
		};
		0903B36B1C161544002241C1 /* Debug */ = {
			isa = XCBuildConfiguration;
			buildSettings = {
				CLANG_ENABLE_MODULES = YES;
				"CODE_SIGN_IDENTITY[sdk=*]" = "";
				COMBINE_HIDPI_IMAGES = YES;
				INFOPLIST_FILE = DipTests/Info.plist;
				LD_RUNPATH_SEARCH_PATHS = "$(inherited) @executable_path/Frameworks @loader_path/Frameworks";
				"LD_RUNPATH_SEARCH_PATHS[sdk=macosx*]" = "@executable_path/../Frameworks @loader_path/../Frameworks";
				MACOSX_DEPLOYMENT_TARGET = 10.10;
				PRODUCT_BUNDLE_IDENTIFIER = com.alisoftware.DipTests;
				PRODUCT_NAME = "$(TARGET_NAME)";
				SWIFT_OPTIMIZATION_LEVEL = "-Onone";
			};
			name = Debug;
		};
		0903B36C1C161544002241C1 /* Release */ = {
			isa = XCBuildConfiguration;
			buildSettings = {
				CLANG_ENABLE_MODULES = YES;
				"CODE_SIGN_IDENTITY[sdk=*]" = "";
				COMBINE_HIDPI_IMAGES = YES;
				INFOPLIST_FILE = DipTests/Info.plist;
				LD_RUNPATH_SEARCH_PATHS = "$(inherited) @executable_path/Frameworks @loader_path/Frameworks";
				"LD_RUNPATH_SEARCH_PATHS[sdk=macosx*]" = "@executable_path/../Frameworks @loader_path/../Frameworks";
				MACOSX_DEPLOYMENT_TARGET = 10.10;
				PRODUCT_BUNDLE_IDENTIFIER = com.alisoftware.DipTests;
				PRODUCT_NAME = "$(TARGET_NAME)";
			};
			name = Release;
		};
		094526A31BEA1CFF0034E72A /* Debug */ = {
			isa = XCBuildConfiguration;
			buildSettings = {
				ALWAYS_SEARCH_USER_PATHS = NO;
				CLANG_CXX_LANGUAGE_STANDARD = "gnu++0x";
				CLANG_CXX_LIBRARY = "libc++";
				CLANG_ENABLE_MODULES = YES;
				CLANG_ENABLE_OBJC_ARC = YES;
				CLANG_WARN_BOOL_CONVERSION = YES;
				CLANG_WARN_CONSTANT_CONVERSION = YES;
				CLANG_WARN_DIRECT_OBJC_ISA_USAGE = YES_ERROR;
				CLANG_WARN_EMPTY_BODY = YES;
				CLANG_WARN_ENUM_CONVERSION = YES;
				CLANG_WARN_INFINITE_RECURSION = YES;
				CLANG_WARN_INT_CONVERSION = YES;
				CLANG_WARN_OBJC_ROOT_CLASS = YES_ERROR;
				CLANG_WARN_SUSPICIOUS_MOVE = YES;
				CLANG_WARN_UNREACHABLE_CODE = YES;
				CLANG_WARN__DUPLICATE_METHOD_MATCH = YES;
				"CODE_SIGN_IDENTITY[sdk=iphoneos*]" = "iPhone Developer";
				COPY_PHASE_STRIP = NO;
				CURRENT_PROJECT_VERSION = 5.0.2;
				DEBUG_INFORMATION_FORMAT = dwarf;
				ENABLE_STRICT_OBJC_MSGSEND = YES;
				ENABLE_TESTABILITY = YES;
				GCC_C_LANGUAGE_STANDARD = gnu99;
				GCC_DYNAMIC_NO_PIC = NO;
				GCC_NO_COMMON_BLOCKS = YES;
				GCC_OPTIMIZATION_LEVEL = 0;
				GCC_PREPROCESSOR_DEFINITIONS = (
					"DEBUG=1",
					"$(inherited)",
				);
				GCC_WARN_64_TO_32_BIT_CONVERSION = YES;
				GCC_WARN_ABOUT_RETURN_TYPE = YES_ERROR;
				GCC_WARN_UNDECLARED_SELECTOR = YES;
				GCC_WARN_UNINITIALIZED_AUTOS = YES_AGGRESSIVE;
				GCC_WARN_UNUSED_FUNCTION = YES;
				GCC_WARN_UNUSED_VARIABLE = YES;
				INFOPLIST_FILE = Dip/Info.plist;
				IPHONEOS_DEPLOYMENT_TARGET = 8.0;
				MACOSX_DEPLOYMENT_TARGET = 10.9;
				MTL_ENABLE_DEBUG_INFO = YES;
				ONLY_ACTIVE_ARCH = YES;
				SUPPORTED_PLATFORMS = "macosx watchsimulator iphonesimulator appletvsimulator watchos appletvos iphoneos";
				SWIFT_OPTIMIZATION_LEVEL = "-Onone";
				SWIFT_VERSION = 3.0;
				TARGETED_DEVICE_FAMILY = "1,2,3,4";
				TVOS_DEPLOYMENT_TARGET = 9.0;
				VERSIONING_SYSTEM = "apple-generic";
				VERSION_INFO_PREFIX = "";
				WATCHOS_DEPLOYMENT_TARGET = 2.0;
			};
			name = Debug;
		};
		094526A41BEA1CFF0034E72A /* Release */ = {
			isa = XCBuildConfiguration;
			buildSettings = {
				ALWAYS_SEARCH_USER_PATHS = NO;
				CLANG_CXX_LANGUAGE_STANDARD = "gnu++0x";
				CLANG_CXX_LIBRARY = "libc++";
				CLANG_ENABLE_MODULES = YES;
				CLANG_ENABLE_OBJC_ARC = YES;
				CLANG_WARN_BOOL_CONVERSION = YES;
				CLANG_WARN_CONSTANT_CONVERSION = YES;
				CLANG_WARN_DIRECT_OBJC_ISA_USAGE = YES_ERROR;
				CLANG_WARN_EMPTY_BODY = YES;
				CLANG_WARN_ENUM_CONVERSION = YES;
				CLANG_WARN_INFINITE_RECURSION = YES;
				CLANG_WARN_INT_CONVERSION = YES;
				CLANG_WARN_OBJC_ROOT_CLASS = YES_ERROR;
				CLANG_WARN_SUSPICIOUS_MOVE = YES;
				CLANG_WARN_UNREACHABLE_CODE = YES;
				CLANG_WARN__DUPLICATE_METHOD_MATCH = YES;
				"CODE_SIGN_IDENTITY[sdk=iphoneos*]" = "iPhone Developer";
				COPY_PHASE_STRIP = NO;
				CURRENT_PROJECT_VERSION = 5.0.2;
				DEBUG_INFORMATION_FORMAT = "dwarf-with-dsym";
				ENABLE_NS_ASSERTIONS = NO;
				ENABLE_STRICT_OBJC_MSGSEND = YES;
				GCC_C_LANGUAGE_STANDARD = gnu99;
				GCC_NO_COMMON_BLOCKS = YES;
				GCC_WARN_64_TO_32_BIT_CONVERSION = YES;
				GCC_WARN_ABOUT_RETURN_TYPE = YES_ERROR;
				GCC_WARN_UNDECLARED_SELECTOR = YES;
				GCC_WARN_UNINITIALIZED_AUTOS = YES_AGGRESSIVE;
				GCC_WARN_UNUSED_FUNCTION = YES;
				GCC_WARN_UNUSED_VARIABLE = YES;
				INFOPLIST_FILE = Dip/Info.plist;
				IPHONEOS_DEPLOYMENT_TARGET = 8.0;
				MACOSX_DEPLOYMENT_TARGET = 10.9;
				MTL_ENABLE_DEBUG_INFO = NO;
				SUPPORTED_PLATFORMS = "macosx watchsimulator iphonesimulator appletvsimulator watchos appletvos iphoneos";
				SWIFT_OPTIMIZATION_LEVEL = "-Owholemodule";
				SWIFT_VERSION = 3.0;
				TARGETED_DEVICE_FAMILY = "1,2,3,4";
				TVOS_DEPLOYMENT_TARGET = 9.0;
				VALIDATE_PRODUCT = YES;
				VERSIONING_SYSTEM = "apple-generic";
				VERSION_INFO_PREFIX = "";
				WATCHOS_DEPLOYMENT_TARGET = 2.0;
			};
			name = Release;
		};
/* End XCBuildConfiguration section */

/* Begin XCConfigurationList section */
		0903B36D1C161544002241C1 /* Build configuration list for PBXNativeTarget "Dip" */ = {
			isa = XCConfigurationList;
			buildConfigurations = (
				0903B3691C161544002241C1 /* Debug */,
				0903B36A1C161544002241C1 /* Release */,
			);
			defaultConfigurationIsVisible = 0;
			defaultConfigurationName = Release;
		};
		0903B36E1C161544002241C1 /* Build configuration list for PBXNativeTarget "DipTests" */ = {
			isa = XCConfigurationList;
			buildConfigurations = (
				0903B36B1C161544002241C1 /* Debug */,
				0903B36C1C161544002241C1 /* Release */,
			);
			defaultConfigurationIsVisible = 0;
			defaultConfigurationName = Release;
		};
		0945268B1BEA1CFF0034E72A /* Build configuration list for PBXProject "Dip" */ = {
			isa = XCConfigurationList;
			buildConfigurations = (
				094526A31BEA1CFF0034E72A /* Debug */,
				094526A41BEA1CFF0034E72A /* Release */,
			);
			defaultConfigurationIsVisible = 0;
			defaultConfigurationName = Release;
		};
/* End XCConfigurationList section */
	};
	rootObject = 094526881BEA1CFF0034E72A /* Project object */;
}
